# This file is autogenerated, do not edit; changes may be undone by the next 'dep ensure'.


[[projects]]
  name = "github.com/gorilla/websocket"
  packages = ["."]
  revision = "ea4d1f681babbce9545c9c5f3d5194a789c89f5b"
  version = "v1.2.0"

[[projects]]
  branch = "master"
  name = "github.com/necrophonic/go-eliza"
  packages = ["."]
  revision = "164d4a00de54cfe288dff30c80134a91eeb84a8d"

[[projects]]
  name = "github.com/necrophonic/log"
  packages = ["."]
  revision = "4b6e680e89db3f370a2327e6588ca10269ecf5d3"
  version = "v1.0"

[solve-meta]
  analyzer-name = "dep"
  analyzer-version = 1
  inputs-digest = "cdad180f635f088580e7460c5816fa65ace43ba43968b7f6f2cff8c8ec90eb31"
  solver-name = "gps-cdcl"
  solver-version = 1
